
Microsoft Visual Studio Solution File, Format Version 12.00
# Visual Studio Version 17
VisualStudioVersion = 17.11.35312.102
MinimumVisualStudioVersion = 10.0.40219.1
Project("{FAE04EC0-301F-11D3-BF4B-00C04F79EFBC}") = "C# Fundamentals Project", "C# Fundamentals Project\C# Fundamentals Project.csproj", "{1D65C5E7-E199-40B8-8D11-4D10C9B93DAA}"
EndProject
Global
	GlobalSection(SolutionConfigurationPlatforms) = preSolution
		Debug|Any CPU = Debug|Any CPU
		Release|Any CPU = Release|Any CPU
	EndGlobalSection
	GlobalSection(ProjectConfigurationPlatforms) = postSolution
		{1D65C5E7-E199-40B8-8D11-4D10C9B93DAA}.Debug|Any CPU.ActiveCfg = Debug|Any CPU
		{1D65C5E7-E199-40B8-8D11-4D10C9B93DAA}.Debug|Any CPU.Build.0 = Debug|Any CPU
		{1D65C5E7-E199-40B8-8D11-4D10C9B93DAA}.Release|Any CPU.ActiveCfg = Release|Any CPU
		{1D65C5E7-E199-40B8-8D11-4D10C9B93DAA}.Release|Any CPU.Build.0 = Release|Any CPU
	EndGlobalSection
	GlobalSection(SolutionProperties) = preSolution
		HideSolutionNode = FALSE
	EndGlobalSection
	GlobalSection(ExtensibilityGlobals) = postSolution
		SolutionGuid = {66D157F5-BEAA-4D4F-9611-1700C1443C00}
	EndGlobalSection
EndGlobal
